# This file is automatically @generated by Cargo.
# It is not intended for manual editing.
version = 4

[[package]]
name = "admin_service"
version = "0.1.0"

[[package]]
name = "api_service"
version = "0.1.0"

[[package]]
name = "db"
version = "0.1.0"

[[package]]
name = "domain"
version = "0.1.0"

[[package]]
name = "dto"
version = "0.1.0"

[[package]]
name = "parser_service"
version = "0.1.0"

[[package]]
name = "telegram_service"
version = "0.1.0"

[[package]]
name = "utils"
version = "0.1.0"
